
Microsoft Visual Studio Solution File, Format Version 12.00
# Visual Studio Version 17
VisualStudioVersion = 17.3.32929.385
MinimumVisualStudioVersion = 10.0.40219.1
Project("{FAE04EC0-301F-11D3-BF4B-00C04F79EFBC}") = "Word desktop UI design", "Word desktop UI design\Word desktop UI design.csproj", "{C58D0B9C-D06E-4354-B38C-1373DEF908E1}"
EndProject
Global
	GlobalSection(SolutionConfigurationPlatforms) = preSolution
		Debug|Any CPU = Debug|Any CPU
		Release|Any CPU = Release|Any CPU
	EndGlobalSection
	GlobalSection(ProjectConfigurationPlatforms) = postSolution
		{C58D0B9C-D06E-4354-B38C-1373DEF908E1}.Debug|Any CPU.ActiveCfg = Debug|Any CPU
		{C58D0B9C-D06E-4354-B38C-1373DEF908E1}.Debug|Any CPU.Build.0 = Debug|Any CPU
		{C58D0B9C-D06E-4354-B38C-1373DEF908E1}.Release|Any CPU.ActiveCfg = Release|Any CPU
		{C58D0B9C-D06E-4354-B38C-1373DEF908E1}.Release|Any CPU.Build.0 = Release|Any CPU
	EndGlobalSection
	GlobalSection(SolutionProperties) = preSolution
		HideSolutionNode = FALSE
	EndGlobalSection
	GlobalSection(ExtensibilityGlobals) = postSolution
		SolutionGuid = {115E20F2-98D9-4115-B237-0A12C91300C3}
	EndGlobalSection
EndGlobal
